{
  "requires": true,
  "lockfileVersion": 1,
  "dependencies": {
    "cuid": {
      "version": "2.1.1",
      "resolved": "https://registry.npmjs.org/cuid/-/cuid-2.1.1.tgz",
      "integrity": "sha512-rF0ShwHPLQi5X1aNbQUw3IsCTtA+a0FeZsmmfJsHZxuOBgBk4BAGDDb55K+GCQSzqrSDZH0vQ7OIs38DfDlkqA=="
    },
    "delta-crdts": {
      "version": "0.1.2",
      "resolved": "https://registry.npmjs.org/delta-crdts/-/delta-crdts-0.1.2.tgz",
      "integrity": "sha512-rtQ874cOAASpueDvx4ncsNIsbUahwFEhpGGKU8+8Wa9cTOFgg21PQogvm66gELhMZMV/lYkstLrxdDhyiugWcg==",
      "requires": {
        "cuid": "^2.1.1"
      }
    }
  }
}
